
Microsoft Visual Studio Solution File, Format Version 12.00
# Visual Studio 15
VisualStudioVersion = 15.0.27703.2000
MinimumVisualStudioVersion = 10.0.40219.1
Project("{FAE04EC0-301F-11D3-BF4B-00C04F79EFBC}") = "TextAnalytics", "TextAnalytics\TextAnalytics.csproj", "{296F591E-80C4-48FC-B855-A8F91067E05D}"
EndProject
Global
	GlobalSection(SolutionConfigurationPlatforms) = preSolution
		Debug|Any CPU = Debug|Any CPU
		Release|Any CPU = Release|Any CPU
	EndGlobalSection
	GlobalSection(ProjectConfigurationPlatforms) = postSolution
		{296F591E-80C4-48FC-B855-A8F91067E05D}.Debug|Any CPU.ActiveCfg = Debug|Any CPU
		{296F591E-80C4-48FC-B855-A8F91067E05D}.Debug|Any CPU.Build.0 = Debug|Any CPU
		{296F591E-80C4-48FC-B855-A8F91067E05D}.Release|Any CPU.ActiveCfg = Release|Any CPU
		{296F591E-80C4-48FC-B855-A8F91067E05D}.Release|Any CPU.Build.0 = Release|Any CPU
	EndGlobalSection
	GlobalSection(SolutionProperties) = preSolution
		HideSolutionNode = FALSE
	EndGlobalSection
	GlobalSection(ExtensibilityGlobals) = postSolution
		SolutionGuid = {0DE6139C-5128-4D0C-97B1-C2610F345ACB}
	EndGlobalSection
EndGlobal
